{
  "lockfileVersion": 1,
  "workspaces": {
    "": {
      "name": "waf",
      "dependencies": {
        "bun": "^1.3.2",
        "url-sanitizer": "^2.0.10",
      },
      "devDependencies": {
        "@types/bun": "^1.3.2",
      },
    },
  },
  "packages": {
    "@acemir/cssom": ["@acemir/cssom@0.9.23", "", {}, "sha512-2kJ1HxBKzPLbmhZpxBiTZggjtgCwKg1ma5RHShxvd6zgqhDEdEkzpiwe7jLkI2p2BrZvFCXIihdoMkl1H39VnA=="],

    "@asamuzakjp/css-color": ["@asamuzakjp/css-color@4.0.5", "", { "dependencies": { "@csstools/css-calc": "^2.1.4", "@csstools/css-color-parser": "^3.1.0", "@csstools/css-parser-algorithms": "^3.0.5", "@csstools/css-tokenizer": "^3.0.4", "lru-cache": "^11.2.1" } }, "sha512-lMrXidNhPGsDjytDy11Vwlb6OIGrT3CmLg3VWNFyWkLWtijKl7xjvForlh8vuj0SHGjgl4qZEQzUmYTeQA2JFQ=="],

    "@asamuzakjp/dom-selector": ["@asamuzakjp/dom-selector@6.7.4", "", { "dependencies": { "@asamuzakjp/nwsapi": "^2.3.9", "bidi-js": "^1.0.3", "css-tree": "^3.1.0", "is-potential-custom-element-name": "^1.0.1", "lru-cache": "^11.2.2" } }, "sha512-buQDjkm+wDPXd6c13534URWZqbz0RP5PAhXZ+LIoa5LgwInT9HVJvGIJivg75vi8I13CxDGdTnz+aY5YUJlIAA=="],

    "@asamuzakjp/nwsapi": ["@asamuzakjp/nwsapi@2.3.9", "", {}, "sha512-n8GuYSrI9bF7FFZ/SjhwevlHc8xaVlb/7HmHelnc/PZXBD2ZR49NnN9sMMuDdEGPeeRQ5d0hqlSlEpgCX3Wl0Q=="],

    "@csstools/color-helpers": ["@csstools/color-helpers@5.1.0", "", {}, "sha512-S11EXWJyy0Mz5SYvRmY8nJYTFFd1LCNV+7cXyAgQtOOuzb4EsgfqDufL+9esx72/eLhsRdGZwaldu/h+E4t4BA=="],

    "@csstools/css-calc": ["@csstools/css-calc@2.1.4", "", { "peerDependencies": { "@csstools/css-parser-algorithms": "^3.0.5", "@csstools/css-tokenizer": "^3.0.4" } }, "sha512-3N8oaj+0juUw/1H3YwmDDJXCgTB1gKU6Hc/bB502u9zR0q2vd786XJH9QfrKIEgFlZmhZiq6epXl4rHqhzsIgQ=="],

    "@csstools/css-color-parser": ["@csstools/css-color-parser@3.1.0", "", { "dependencies": { "@csstools/color-helpers": "^5.1.0", "@csstools/css-calc": "^2.1.4" }, "peerDependencies": { "@csstools/css-parser-algorithms": "^3.0.5", "@csstools/css-tokenizer": "^3.0.4" } }, "sha512-nbtKwh3a6xNVIp/VRuXV64yTKnb1IjTAEEh3irzS+HkKjAOYLTGNb9pmVNntZ8iVBHcWDA2Dof0QtPgFI1BaTA=="],

    "@csstools/css-parser-algorithms": ["@csstools/css-parser-algorithms@3.0.5", "", { "peerDependencies": { "@csstools/css-tokenizer": "^3.0.4" } }, "sha512-DaDeUkXZKjdGhgYaHNJTV9pV7Y9B3b644jCLs9Upc3VeNGg6LWARAT6O+Q+/COo+2gg/bM5rhpMAtf70WqfBdQ=="],

    "@csstools/css-syntax-patches-for-csstree": ["@csstools/css-syntax-patches-for-csstree@1.0.16", "", {}, "sha512-2SpS4/UaWQaGpBINyG5ZuCHnUDeVByOhvbkARwfmnfxDvTaj80yOI1cD8Tw93ICV5Fx4fnyDKWQZI1CDtcWyUg=="],

    "@csstools/css-tokenizer": ["@csstools/css-tokenizer@3.0.4", "", {}, "sha512-Vd/9EVDiu6PPJt9yAh6roZP6El1xHrdvIVGjyBsHR0RYwNHgL7FJPyIIW4fANJNG6FtyZfvlRPpFI4ZM/lubvw=="],

    "@oven/bun-darwin-aarch64": ["@oven/bun-darwin-aarch64@1.3.2", "", { "os": "darwin", "cpu": "arm64" }, "sha512-licBDIbbLP5L5/S0+bwtJynso94XD3KyqSP48K59Sq7Mude6C7dR5ZujZm4Ut4BwZqUFfNOfYNMWBU5nlL7t1A=="],

    "@oven/bun-darwin-x64": ["@oven/bun-darwin-x64@1.3.2", "", { "os": "darwin", "cpu": "x64" }, "sha512-hn8lLzsYyyh6ULo2E8v2SqtrWOkdQKJwapeVy1rDw7juTTeHY3KDudGWf4mVYteC9riZU6HD88Fn3nGwyX0eIg=="],

    "@oven/bun-darwin-x64-baseline": ["@oven/bun-darwin-x64-baseline@1.3.2", "", { "os": "darwin", "cpu": "x64" }, "sha512-UHxdtbyxdtNJUNcXtIrjx3Lmq8ji3KywlXtIHV/0vn9A8W5mulqOcryqUWMFVH9JTIIzmNn6Q/qVmXHTME63Ww=="],

    "@oven/bun-linux-aarch64": ["@oven/bun-linux-aarch64@1.3.2", "", { "os": "linux", "cpu": "arm64" }, "sha512-5uZzxzvHU/z+3cZwN/A0H8G+enQ+9FkeJVZkE2fwK2XhiJZFUGAuWajCpy7GepvOWlqV7VjPaKi2+Qmr4IX7nQ=="],

    "@oven/bun-linux-aarch64-musl": ["@oven/bun-linux-aarch64-musl@1.3.2", "", { "os": "linux", "cpu": "arm64" }, "sha512-OD9DYkjes7WXieBn4zQZGXWhRVZhIEWMDGCetZ3H4vxIuweZ++iul/CNX5jdpNXaJ17myb1ROMvmRbrqW44j3w=="],

    "@oven/bun-linux-x64": ["@oven/bun-linux-x64@1.3.2", "", { "os": "linux", "cpu": "x64" }, "sha512-EoEuRP9bxAxVKuvi6tZ0ZENjueP4lvjz0mKsMzdG0kwg/2apGKiirH1l0RIcdmvfDGGuDmNiv/XBpkoXq1x8ug=="],

    "@oven/bun-linux-x64-baseline": ["@oven/bun-linux-x64-baseline@1.3.2", "", { "os": "linux", "cpu": "x64" }, "sha512-m9Ov9YH8KjRLui87eNtQQFKVnjGsNk3xgbrR9c8d2FS3NfZSxmVjSeBvEsDjzNf1TXLDriHb/NYOlpiMf/QzDg=="],

    "@oven/bun-linux-x64-musl": ["@oven/bun-linux-x64-musl@1.3.2", "", { "os": "linux", "cpu": "x64" }, "sha512-3TuOsRVoG8K+soQWRo+Cp5ACpRs6rTFSu5tAqc/6WrqwbNWmqjov/eWJPTgz3gPXnC7uNKVG7RxxAmV8r2EYTQ=="],

    "@oven/bun-linux-x64-musl-baseline": ["@oven/bun-linux-x64-musl-baseline@1.3.2", "", { "os": "linux", "cpu": "x64" }, "sha512-q8Hto8hcpofPJjvuvjuwyYvhOaAzPw1F5vRUUeOJDmDwZ4lZhANFM0rUwchMzfWUJCD6jg8/EVQ8MiixnZWU0A=="],

    "@oven/bun-windows-x64": ["@oven/bun-windows-x64@1.3.2", "", { "os": "win32", "cpu": "x64" }, "sha512-nZJUa5NprPYQ4Ii4cMwtP9PzlJJTp1XhxJ+A9eSn1Jfr6YygVWyN2KLjenyI93IcuBouBAaepDAVZZjH2lFBhg=="],

    "@oven/bun-windows-x64-baseline": ["@oven/bun-windows-x64-baseline@1.3.2", "", { "os": "win32", "cpu": "x64" }, "sha512-s00T99MjB+xLOWq+t+wVaVBrry+oBOZNiTJijt+bmkp/MJptYS3FGvs7a+nkjLNzoNDoWQcXgKew6AaHES37Bg=="],

    "@types/bun": ["@types/bun@1.3.2", "", { "dependencies": { "bun-types": "1.3.2" } }, "sha512-t15P7k5UIgHKkxwnMNkJbWlh/617rkDGEdSsDbu+qNHTaz9SKf7aC8fiIlUdD5RPpH6GEkP0cK7WlvmrEBRtWg=="],

    "@types/node": ["@types/node@24.10.1", "", { "dependencies": { "undici-types": "~7.16.0" } }, "sha512-GNWcUTRBgIRJD5zj+Tq0fKOJ5XZajIiBroOF0yvj2bSU1WvNdYS/dn9UxwsujGW4JX06dnHyjV2y9rRaybH0iQ=="],

    "@types/react": ["@types/react@19.2.4", "", { "dependencies": { "csstype": "^3.0.2" } }, "sha512-tBFxBp9Nfyy5rsmefN+WXc1JeW/j2BpBHFdLZbEVfs9wn3E3NRFxwV0pJg8M1qQAexFpvz73hJXFofV0ZAu92A=="],

    "@types/trusted-types": ["@types/trusted-types@2.0.7", "", {}, "sha512-ScaPdn1dQczgbl0QFTeTOmVHFULt394XJgOQNoyVhZ6r2vLnMLJfBPd53SB52T/3G36VI1/g2MZaX0cwDuXsfw=="],

    "agent-base": ["agent-base@7.1.4", "", {}, "sha512-MnA+YT8fwfJPgBx3m60MNqakm30XOkyIoH1y6huTQvC0PwZG7ki8NacLBcrPbNoo8vEZy7Jpuk7+jMO+CUovTQ=="],

    "bidi-js": ["bidi-js@1.0.3", "", { "dependencies": { "require-from-string": "^2.0.2" } }, "sha512-RKshQI1R3YQ+n9YJz2QQ147P66ELpa1FQEg20Dk8oW9t2KgLbpDLLp9aGZ7y8WHSshDknG0bknqGw5/tyCs5tw=="],

    "bun": ["bun@1.3.2", "", { "optionalDependencies": { "@oven/bun-darwin-aarch64": "1.3.2", "@oven/bun-darwin-x64": "1.3.2", "@oven/bun-darwin-x64-baseline": "1.3.2", "@oven/bun-linux-aarch64": "1.3.2", "@oven/bun-linux-aarch64-musl": "1.3.2", "@oven/bun-linux-x64": "1.3.2", "@oven/bun-linux-x64-baseline": "1.3.2", "@oven/bun-linux-x64-musl": "1.3.2", "@oven/bun-linux-x64-musl-baseline": "1.3.2", "@oven/bun-windows-x64": "1.3.2", "@oven/bun-windows-x64-baseline": "1.3.2" }, "os": [ "linux", "win32", "darwin", ], "cpu": [ "x64", "arm64", ], "bin": { "bun": "bin/bun.exe", "bunx": "bin/bunx.exe" } }, "sha512-x75mPJiEfhO1j4Tfc65+PtW6ZyrAB6yTZInydnjDZXF9u9PRAnr6OK3v0Q9dpDl0dxRHkXlYvJ8tteJxc8t4Sw=="],

    "bun-types": ["bun-types@1.3.2", "", { "dependencies": { "@types/node": "*" }, "peerDependencies": { "@types/react": "^19" } }, "sha512-i/Gln4tbzKNuxP70OWhJRZz1MRfvqExowP7U6JKoI8cntFrtxg7RJK3jvz7wQW54UuvNC8tbKHHri5fy74FVqg=="],

    "css-tree": ["css-tree@3.1.0", "", { "dependencies": { "mdn-data": "2.12.2", "source-map-js": "^1.0.1" } }, "sha512-0eW44TGN5SQXU1mWSkKwFstI/22X2bG1nYzZTYMAWjylYURhse752YgbE4Cx46AC+bAvI+/dYTPRk1LqSUnu6w=="],

    "cssstyle": ["cssstyle@5.3.3", "", { "dependencies": { "@asamuzakjp/css-color": "^4.0.3", "@csstools/css-syntax-patches-for-csstree": "^1.0.14", "css-tree": "^3.1.0" } }, "sha512-OytmFH+13/QXONJcC75QNdMtKpceNk3u8ThBjyyYjkEcy/ekBwR1mMAuNvi3gdBPW3N5TlCzQ0WZw8H0lN/bDw=="],

    "csstype": ["csstype@3.1.3", "", {}, "sha512-M1uQkMl8rQK/szD0LNhtqxIPLpimGm8sOBwU7lLnCpSbTyY3yeU1Vc7l4KT5zT4s/yOxHH5O7tIuuLOCnLADRw=="],

    "data-urls": ["data-urls@6.0.0", "", { "dependencies": { "whatwg-mimetype": "^4.0.0", "whatwg-url": "^15.0.0" } }, "sha512-BnBS08aLUM+DKamupXs3w2tJJoqU+AkaE/+6vQxi/G/DPmIZFJJp9Dkb1kM03AZx8ADehDUZgsNxju3mPXZYIA=="],

    "debug": ["debug@4.4.3", "", { "dependencies": { "ms": "^2.1.3" } }, "sha512-RGwwWnwQvkVfavKVt22FGLw+xYSdzARwm0ru6DhTVA3umU5hZc28V3kO4stgYryrTlLpuvgI9GiijltAjNbcqA=="],

    "decimal.js": ["decimal.js@10.6.0", "", {}, "sha512-YpgQiITW3JXGntzdUmyUR1V812Hn8T1YVXhCu+wO3OpS4eU9l4YdD3qjyiKdV6mvV29zapkMeD390UVEf2lkUg=="],

    "dompurify": ["dompurify@3.3.0", "", { "optionalDependencies": { "@types/trusted-types": "^2.0.7" } }, "sha512-r+f6MYR1gGN1eJv0TVQbhA7if/U7P87cdPl3HN5rikqaBSBxLiCb/b9O+2eG0cxz0ghyU+mU1QkbsOwERMYlWQ=="],

    "entities": ["entities@6.0.1", "", {}, "sha512-aN97NXWF6AWBTahfVOIrB/NShkzi5H7F9r1s9mD3cDj4Ko5f2qhhVoYMibXF7GlLveb/D2ioWay8lxI97Ven3g=="],

    "html-encoding-sniffer": ["html-encoding-sniffer@4.0.0", "", { "dependencies": { "whatwg-encoding": "^3.1.1" } }, "sha512-Y22oTqIU4uuPgEemfz7NDJz6OeKf12Lsu+QC+s3BVpda64lTiMYCyGwg5ki4vFxkMwQdeZDl2adZoqUgdFuTgQ=="],

    "http-proxy-agent": ["http-proxy-agent@7.0.2", "", { "dependencies": { "agent-base": "^7.1.0", "debug": "^4.3.4" } }, "sha512-T1gkAiYYDWYx3V5Bmyu7HcfcvL7mUrTWiM6yOfa3PIphViJ/gFPbvidQ+veqSOHci/PxBcDabeUNCzpOODJZig=="],

    "https-proxy-agent": ["https-proxy-agent@7.0.6", "", { "dependencies": { "agent-base": "^7.1.2", "debug": "4" } }, "sha512-vK9P5/iUfdl95AI+JVyUuIcVtd4ofvtrOr3HNtM2yxC9bnMbEdp3x01OhQNnjb8IJYi38VlTE3mBXwcfvywuSw=="],

    "iconv-lite": ["iconv-lite@0.6.3", "", { "dependencies": { "safer-buffer": ">= 2.1.2 < 3.0.0" } }, "sha512-4fCk79wshMdzMp2rH06qWrJE4iolqLhCUH+OiuIgU++RB0+94NlDL81atO7GX55uUKueo0txHNtvEyI6D7WdMw=="],

    "is-potential-custom-element-name": ["is-potential-custom-element-name@1.0.1", "", {}, "sha512-bCYeRA2rVibKZd+s2625gGnGF/t7DSqDs4dP7CrLA1m7jKWz6pps0LpYLJN8Q64HtmPKJ1hrN3nzPNKFEKOUiQ=="],

    "jsdom": ["jsdom@27.2.0", "", { "dependencies": { "@acemir/cssom": "^0.9.23", "@asamuzakjp/dom-selector": "^6.7.4", "cssstyle": "^5.3.3", "data-urls": "^6.0.0", "decimal.js": "^10.6.0", "html-encoding-sniffer": "^4.0.0", "http-proxy-agent": "^7.0.2", "https-proxy-agent": "^7.0.6", "is-potential-custom-element-name": "^1.0.1", "parse5": "^8.0.0", "saxes": "^6.0.0", "symbol-tree": "^3.2.4", "tough-cookie": "^6.0.0", "w3c-xmlserializer": "^5.0.0", "webidl-conversions": "^8.0.0", "whatwg-encoding": "^3.1.1", "whatwg-mimetype": "^4.0.0", "whatwg-url": "^15.1.0", "ws": "^8.18.3", "xml-name-validator": "^5.0.0" }, "peerDependencies": { "canvas": "^3.0.0" }, "optionalPeers": ["canvas"] }, "sha512-454TI39PeRDW1LgpyLPyURtB4Zx1tklSr6+OFOipsxGUH1WMTvk6C65JQdrj455+DP2uJ1+veBEHTGFKWVLFoA=="],

    "lru-cache": ["lru-cache@11.2.2", "", {}, "sha512-F9ODfyqML2coTIsQpSkRHnLSZMtkU8Q+mSfcaIyKwy58u+8k5nvAYeiNhsyMARvzNcXJ9QfWVrcPsC9e9rAxtg=="],

    "mdn-data": ["mdn-data@2.12.2", "", {}, "sha512-IEn+pegP1aManZuckezWCO+XZQDplx1366JoVhTpMpBB1sPey/SbveZQUosKiKiGYjg1wH4pMlNgXbCiYgihQA=="],

    "ms": ["ms@2.1.3", "", {}, "sha512-6FlzubTLZG3J2a/NVCAleEhjzq5oxgHyaCU9yYXvcLsvoVaHJq/s5xXI6/XXP6tz7R9xAOtHnSO/tXtF3WRTlA=="],

    "parse5": ["parse5@8.0.0", "", { "dependencies": { "entities": "^6.0.0" } }, "sha512-9m4m5GSgXjL4AjumKzq1Fgfp3Z8rsvjRNbnkVwfu2ImRqE5D0LnY2QfDen18FSY9C573YU5XxSapdHZTZ2WolA=="],

    "punycode": ["punycode@2.3.1", "", {}, "sha512-vYt7UD1U9Wg6138shLtLOvdAu+8DsC/ilFtEVHcH+wydcSpNE20AfSOduf6MkRFahL5FY7X1oU7nKVZFtfq8Fg=="],

    "require-from-string": ["require-from-string@2.0.2", "", {}, "sha512-Xf0nWe6RseziFMu+Ap9biiUbmplq6S9/p+7w7YXP/JBHhrUDDUhwa+vANyubuqfZWTveU//DYVGsDG7RKL/vEw=="],

    "safer-buffer": ["safer-buffer@2.1.2", "", {}, "sha512-YZo3K82SD7Riyi0E1EQPojLz7kpepnSQI9IyPbHHg1XXXevb5dJI7tpyN2ADxGcQbHG7vcyRHk0cbwqcQriUtg=="],

    "saxes": ["saxes@6.0.0", "", { "dependencies": { "xmlchars": "^2.2.0" } }, "sha512-xAg7SOnEhrm5zI3puOOKyy1OMcMlIJZYNJY7xLBwSze0UjhPLnWfj2GF2EpT0jmzaJKIWKHLsaSSajf35bcYnA=="],

    "source-map-js": ["source-map-js@1.2.1", "", {}, "sha512-UXWMKhLOwVKb728IUtQPXxfYU+usdybtUrK/8uGE8CQMvrhOpwvzDBwj0QhSL7MQc7vIsISBG8VQ8+IDQxpfQA=="],

    "symbol-tree": ["symbol-tree@3.2.4", "", {}, "sha512-9QNk5KwDF+Bvz+PyObkmSYjI5ksVUYtjW7AU22r2NKcfLJcXp96hkDWU3+XndOsUb+AQ9QhfzfCT2O+CNWT5Tw=="],

    "tldts": ["tldts@7.0.17", "", { "dependencies": { "tldts-core": "^7.0.17" }, "bin": { "tldts": "bin/cli.js" } }, "sha512-Y1KQBgDd/NUc+LfOtKS6mNsC9CCaH+m2P1RoIZy7RAPo3C3/t8X45+zgut31cRZtZ3xKPjfn3TkGTrctC2TQIQ=="],

    "tldts-core": ["tldts-core@7.0.17", "", {}, "sha512-DieYoGrP78PWKsrXr8MZwtQ7GLCUeLxihtjC1jZsW1DnvSMdKPitJSe8OSYDM2u5H6g3kWJZpePqkp43TfLh0g=="],

    "tough-cookie": ["tough-cookie@6.0.0", "", { "dependencies": { "tldts": "^7.0.5" } }, "sha512-kXuRi1mtaKMrsLUxz3sQYvVl37B0Ns6MzfrtV5DvJceE9bPyspOqk9xxv7XbZWcfLWbFmm997vl83qUWVJA64w=="],

    "tr46": ["tr46@6.0.0", "", { "dependencies": { "punycode": "^2.3.1" } }, "sha512-bLVMLPtstlZ4iMQHpFHTR7GAGj2jxi8Dg0s2h2MafAE4uSWF98FC/3MomU51iQAMf8/qDUbKWf5GxuvvVcXEhw=="],

    "undici-types": ["undici-types@7.16.0", "", {}, "sha512-Zz+aZWSj8LE6zoxD+xrjh4VfkIG8Ya6LvYkZqtUQGJPZjYl53ypCaUwWqo7eI0x66KBGeRo+mlBEkMSeSZ38Nw=="],

    "url-sanitizer": ["url-sanitizer@2.0.10", "", { "dependencies": { "dompurify": "^3.2.7", "jsdom": "^27.0.0" } }, "sha512-HBXn8wGdDbkJgHeNuIIOSzdlt6XU7HaC5OHDdPLk2ZIdmc8bMGum+t+AtJyztqS0YbxDFxRAqtbSBz2FzbmsmQ=="],

    "w3c-xmlserializer": ["w3c-xmlserializer@5.0.0", "", { "dependencies": { "xml-name-validator": "^5.0.0" } }, "sha512-o8qghlI8NZHU1lLPrpi2+Uq7abh4GGPpYANlalzWxyWteJOCsr/P+oPBA49TOLu5FTZO4d3F9MnWJfiMo4BkmA=="],

    "webidl-conversions": ["webidl-conversions@8.0.0", "", {}, "sha512-n4W4YFyz5JzOfQeA8oN7dUYpR+MBP3PIUsn2jLjWXwK5ASUzt0Jc/A5sAUZoCYFJRGF0FBKJ+1JjN43rNdsQzA=="],

    "whatwg-encoding": ["whatwg-encoding@3.1.1", "", { "dependencies": { "iconv-lite": "0.6.3" } }, "sha512-6qN4hJdMwfYBtE3YBTTHhoeuUrDBPZmbQaxWAqSALV/MeEnR5z1xd8UKud2RAkFoPkmB+hli1TZSnyi84xz1vQ=="],

    "whatwg-mimetype": ["whatwg-mimetype@4.0.0", "", {}, "sha512-QaKxh0eNIi2mE9p2vEdzfagOKHCcj1pJ56EEHGQOVxp8r9/iszLUUV7v89x9O1p/T+NlTM5W7jW6+cz4Fq1YVg=="],

    "whatwg-url": ["whatwg-url@15.1.0", "", { "dependencies": { "tr46": "^6.0.0", "webidl-conversions": "^8.0.0" } }, "sha512-2ytDk0kiEj/yu90JOAp44PVPUkO9+jVhyf+SybKlRHSDlvOOZhdPIrr7xTH64l4WixO2cP+wQIcgujkGBPPz6g=="],

    "ws": ["ws@8.18.3", "", { "peerDependencies": { "bufferutil": "^4.0.1", "utf-8-validate": ">=5.0.2" }, "optionalPeers": ["bufferutil", "utf-8-validate"] }, "sha512-PEIGCY5tSlUt50cqyMXfCzX+oOPqN0vuGqWzbcJ2xvnkzkq46oOpz7dQaTDBdfICb4N14+GARUDw2XV2N4tvzg=="],

    "xml-name-validator": ["xml-name-validator@5.0.0", "", {}, "sha512-EvGK8EJ3DhaHfbRlETOWAS5pO9MZITeauHKJyb8wyajUfQUenkIg2MvLDTZ4T/TgIcm3HU0TFBgWWboAZ30UHg=="],

    "xmlchars": ["xmlchars@2.2.0", "", {}, "sha512-JZnDKK8B0RCDw84FNdDAIpZK+JuJw+s7Lz8nksI7SIuU3UXJJslUthsi+uWBUYOwPFwW7W7PRLRfUKpxjtjFCw=="],
  }
}
